Microsoft Visual Studio Solution File, Format Version 11.00
# Visual Studio 2008

Project("{29121906-91C9-07B3-E281-7C2E8FAA2416}") = "lawndarts", "Assembly-CSharp.csproj", "{F6E98869-D5AE-80A9-57AA-BF76E22DA439}"
EndProject
Global
	GlobalSection(SolutionConfigurationPlatforms) = preSolution
		Debug|Any CPU = Debug|Any CPU
		Release|Any CPU = Release|Any CPU
	EndGlobalSection
	GlobalSection(ProjectConfigurationPlatforms) = postSolution
		{F6E98869-D5AE-80A9-57AA-BF76E22DA439}.Debug|Any CPU.ActiveCfg = Debug|Any CPU
		{F6E98869-D5AE-80A9-57AA-BF76E22DA439}.Debug|Any CPU.Build.0 = Debug|Any CPU
		{F6E98869-D5AE-80A9-57AA-BF76E22DA439}.Release|Any CPU.ActiveCfg = Release|Any CPU
		{F6E98869-D5AE-80A9-57AA-BF76E22DA439}.Release|Any CPU.Build.0 = Release|Any CPU
	EndGlobalSection
	GlobalSection(SolutionProperties) = preSolution
		HideSolutionNode = FALSE
	EndGlobalSection
	GlobalSection(MonoDevelopProperties) = preSolution
		StartupItem = Assembly-CSharp.csproj
	EndGlobalSection
EndGlobal
